
Microsoft Visual Studio Solution File, Format Version 12.00
# Visual Studio Version 17
VisualStudioVersion = 17.3.32922.545
MinimumVisualStudioVersion = 10.0.40219.1
Project("{FAE04EC0-301F-11D3-BF4B-00C04F79EFBC}") = "Save_File_Manager", "Save_File_Manager_C_sharp\Save_File_Manager.csproj", "{55319DBB-641E-499F-94FC-EC3B30884C10}"
EndProject
Global
	GlobalSection(SolutionConfigurationPlatforms) = preSolution
		Debug|Any CPU = Debug|Any CPU
		Release|Any CPU = Release|Any CPU
	EndGlobalSection
	GlobalSection(ProjectConfigurationPlatforms) = postSolution
		{55319DBB-641E-499F-94FC-EC3B30884C10}.Debug|Any CPU.ActiveCfg = Debug|Any CPU
		{55319DBB-641E-499F-94FC-EC3B30884C10}.Debug|Any CPU.Build.0 = Debug|Any CPU
		{55319DBB-641E-499F-94FC-EC3B30884C10}.Release|Any CPU.ActiveCfg = Release|Any CPU
		{55319DBB-641E-499F-94FC-EC3B30884C10}.Release|Any CPU.Build.0 = Release|Any CPU
	EndGlobalSection
	GlobalSection(SolutionProperties) = preSolution
		HideSolutionNode = FALSE
	EndGlobalSection
	GlobalSection(ExtensibilityGlobals) = postSolution
		SolutionGuid = {E8550E71-C5BD-4DA2-826A-D434DE3F1EE1}
	EndGlobalSection
EndGlobal
